
Microsoft Visual Studio Solution File, Format Version 12.00
# Visual Studio Version 17
VisualStudioVersion = 17.5.33414.496
MinimumVisualStudioVersion = 10.0.40219.1
Project("{9A19103F-16F7-4668-BE54-9A1E7A4F7556}") = "WebApiMiniPj", "miniproject\WebApiMiniPj.csproj", "{4A025C0F-50A1-4DDF-A106-C6A56257418E}"
EndProject
Project("{FAE04EC0-301F-11D3-BF4B-00C04F79EFBC}") = "WpfApp1", "WpfApp1\WpfApp1.csproj", "{E088B37D-666D-4F52-9FB1-4AEA7449BEF1}"
EndProject
Global
	GlobalSection(SolutionConfigurationPlatforms) = preSolution
		Debug|Any CPU = Debug|Any CPU
		Release|Any CPU = Release|Any CPU
	EndGlobalSection
	GlobalSection(ProjectConfigurationPlatforms) = postSolution
		{4A025C0F-50A1-4DDF-A106-C6A56257418E}.Debug|Any CPU.ActiveCfg = Debug|Any CPU
		{4A025C0F-50A1-4DDF-A106-C6A56257418E}.Debug|Any CPU.Build.0 = Debug|Any CPU
		{4A025C0F-50A1-4DDF-A106-C6A56257418E}.Release|Any CPU.ActiveCfg = Release|Any CPU
		{4A025C0F-50A1-4DDF-A106-C6A56257418E}.Release|Any CPU.Build.0 = Release|Any CPU
		{E088B37D-666D-4F52-9FB1-4AEA7449BEF1}.Debug|Any CPU.ActiveCfg = Debug|Any CPU
		{E088B37D-666D-4F52-9FB1-4AEA7449BEF1}.Debug|Any CPU.Build.0 = Debug|Any CPU
		{E088B37D-666D-4F52-9FB1-4AEA7449BEF1}.Release|Any CPU.ActiveCfg = Release|Any CPU
		{E088B37D-666D-4F52-9FB1-4AEA7449BEF1}.Release|Any CPU.Build.0 = Release|Any CPU
	EndGlobalSection
	GlobalSection(SolutionProperties) = preSolution
		HideSolutionNode = FALSE
	EndGlobalSection
	GlobalSection(ExtensibilityGlobals) = postSolution
		SolutionGuid = {D2207135-7105-449A-AED3-276FF6ED2712}
	EndGlobalSection
EndGlobal
